
Microsoft Visual Studio Solution File, Format Version 12.00
# Visual Studio Version 17
VisualStudioVersion = 17.9.34607.119
MinimumVisualStudioVersion = 10.0.40219.1
Project("{FAE04EC0-301F-11D3-BF4B-00C04F79EFBC}") = "SimpleHeartbeatService", "SimpleHeartbeatService\SimpleHeartbeatService.csproj", "{3FDBACEF-2017-4812-B0FC-81C7FD03EA36}"
EndProject
Global
	GlobalSection(SolutionConfigurationPlatforms) = preSolution
		Debug|Any CPU = Debug|Any CPU
		Release|Any CPU = Release|Any CPU
	EndGlobalSection
	GlobalSection(ProjectConfigurationPlatforms) = postSolution
		{3FDBACEF-2017-4812-B0FC-81C7FD03EA36}.Debug|Any CPU.ActiveCfg = Debug|Any CPU
		{3FDBACEF-2017-4812-B0FC-81C7FD03EA36}.Debug|Any CPU.Build.0 = Debug|Any CPU
		{3FDBACEF-2017-4812-B0FC-81C7FD03EA36}.Release|Any CPU.ActiveCfg = Release|Any CPU
		{3FDBACEF-2017-4812-B0FC-81C7FD03EA36}.Release|Any CPU.Build.0 = Release|Any CPU
	EndGlobalSection
	GlobalSection(SolutionProperties) = preSolution
		HideSolutionNode = FALSE
	EndGlobalSection
	GlobalSection(ExtensibilityGlobals) = postSolution
		SolutionGuid = {86AF0B24-B815-48B7-9A89-A3F15EA54BDB}
	EndGlobalSection
EndGlobal
